
Microsoft Visual Studio Solution File, Format Version 12.00
# Visual Studio Version 17
VisualStudioVersion = 17.1.32421.90
MinimumVisualStudioVersion = 10.0.40219.1
Project("{FAE04EC0-301F-11D3-BF4B-00C04F79EFBC}") = "ex014_06_06_2022", "ex014_06_06_2022.csproj", "{9DB9165F-DC2A-4AAF-AD75-1BE1DF7D64D2}"
EndProject
Global
	GlobalSection(SolutionConfigurationPlatforms) = preSolution
		Debug|Any CPU = Debug|Any CPU
		Release|Any CPU = Release|Any CPU
	EndGlobalSection
	GlobalSection(ProjectConfigurationPlatforms) = postSolution
		{9DB9165F-DC2A-4AAF-AD75-1BE1DF7D64D2}.Debug|Any CPU.ActiveCfg = Debug|Any CPU
		{9DB9165F-DC2A-4AAF-AD75-1BE1DF7D64D2}.Debug|Any CPU.Build.0 = Debug|Any CPU
		{9DB9165F-DC2A-4AAF-AD75-1BE1DF7D64D2}.Release|Any CPU.ActiveCfg = Release|Any CPU
		{9DB9165F-DC2A-4AAF-AD75-1BE1DF7D64D2}.Release|Any CPU.Build.0 = Release|Any CPU
	EndGlobalSection
	GlobalSection(SolutionProperties) = preSolution
		HideSolutionNode = FALSE
	EndGlobalSection
	GlobalSection(ExtensibilityGlobals) = postSolution
		SolutionGuid = {214AE15E-1BE1-4CF1-AC2E-874577DE7CB9}
	EndGlobalSection
EndGlobal
