
Microsoft Visual Studio Solution File, Format Version 12.00
# Visual Studio Version 17
VisualStudioVersion = 17.1.32421.90
MinimumVisualStudioVersion = 10.0.40219.1
Project("{FAE04EC0-301F-11D3-BF4B-00C04F79EFBC}") = "Exercicio_1", "Exercicio_1.csproj", "{DB2606F1-61FB-482A-B356-8265650D77EB}"
EndProject
Global
	GlobalSection(SolutionConfigurationPlatforms) = preSolution
		Debug|Any CPU = Debug|Any CPU
		Release|Any CPU = Release|Any CPU
	EndGlobalSection
	GlobalSection(ProjectConfigurationPlatforms) = postSolution
		{DB2606F1-61FB-482A-B356-8265650D77EB}.Debug|Any CPU.ActiveCfg = Debug|Any CPU
		{DB2606F1-61FB-482A-B356-8265650D77EB}.Debug|Any CPU.Build.0 = Debug|Any CPU
		{DB2606F1-61FB-482A-B356-8265650D77EB}.Release|Any CPU.ActiveCfg = Release|Any CPU
		{DB2606F1-61FB-482A-B356-8265650D77EB}.Release|Any CPU.Build.0 = Release|Any CPU
	EndGlobalSection
	GlobalSection(SolutionProperties) = preSolution
		HideSolutionNode = FALSE
	EndGlobalSection
	GlobalSection(ExtensibilityGlobals) = postSolution
		SolutionGuid = {5748EE3D-0913-42C1-A560-2CB252E80F8F}
	EndGlobalSection
EndGlobal
