
Microsoft Visual Studio Solution File, Format Version 12.00
# Visual Studio Version 17
VisualStudioVersion = 17.1.32421.90
MinimumVisualStudioVersion = 10.0.40219.1
Project("{FAE04EC0-301F-11D3-BF4B-00C04F79EFBC}") = "ex010_05.05.2022.cs", "ex010_05.05.2022.cs.csproj", "{7303255F-E501-4578-9D00-942AB223B4B1}"
EndProject
Global
	GlobalSection(SolutionConfigurationPlatforms) = preSolution
		Debug|Any CPU = Debug|Any CPU
		Release|Any CPU = Release|Any CPU
	EndGlobalSection
	GlobalSection(ProjectConfigurationPlatforms) = postSolution
		{7303255F-E501-4578-9D00-942AB223B4B1}.Debug|Any CPU.ActiveCfg = Debug|Any CPU
		{7303255F-E501-4578-9D00-942AB223B4B1}.Debug|Any CPU.Build.0 = Debug|Any CPU
		{7303255F-E501-4578-9D00-942AB223B4B1}.Release|Any CPU.ActiveCfg = Release|Any CPU
		{7303255F-E501-4578-9D00-942AB223B4B1}.Release|Any CPU.Build.0 = Release|Any CPU
	EndGlobalSection
	GlobalSection(SolutionProperties) = preSolution
		HideSolutionNode = FALSE
	EndGlobalSection
	GlobalSection(ExtensibilityGlobals) = postSolution
		SolutionGuid = {1BBD6004-CB09-4428-BD5F-86F5F70F7435}
	EndGlobalSection
EndGlobal
