
Microsoft Visual Studio Solution File, Format Version 12.00
# Visual Studio Version 17
VisualStudioVersion = 17.1.32421.90
MinimumVisualStudioVersion = 10.0.40219.1
Project("{9A19103F-16F7-4668-BE54-9A1E7A4F7556}") = "Manipulação de Strings 03_05_2022", "Manipulação de Strings 03_05_2022.csproj", "{15EFB615-A992-4961-B677-F52DA9FF758F}"
EndProject
Global
	GlobalSection(SolutionConfigurationPlatforms) = preSolution
		Debug|Any CPU = Debug|Any CPU
		Release|Any CPU = Release|Any CPU
	EndGlobalSection
	GlobalSection(ProjectConfigurationPlatforms) = postSolution
		{15EFB615-A992-4961-B677-F52DA9FF758F}.Debug|Any CPU.ActiveCfg = Debug|Any CPU
		{15EFB615-A992-4961-B677-F52DA9FF758F}.Debug|Any CPU.Build.0 = Debug|Any CPU
		{15EFB615-A992-4961-B677-F52DA9FF758F}.Release|Any CPU.ActiveCfg = Release|Any CPU
		{15EFB615-A992-4961-B677-F52DA9FF758F}.Release|Any CPU.Build.0 = Release|Any CPU
	EndGlobalSection
	GlobalSection(SolutionProperties) = preSolution
		HideSolutionNode = FALSE
	EndGlobalSection
	GlobalSection(ExtensibilityGlobals) = postSolution
		SolutionGuid = {DAF16C00-DE1E-45CC-9324-3293772B5FBC}
	EndGlobalSection
EndGlobal
