
Microsoft Visual Studio Solution File, Format Version 12.00
# Visual Studio Version 17
VisualStudioVersion = 17.2.32516.85
MinimumVisualStudioVersion = 10.0.40219.1
Project("{FAE04EC0-301F-11D3-BF4B-00C04F79EFBC}") = "ex010.cs", "ex010.cs.csproj", "{1AA391A2-D341-4A92-9060-F18B401C4805}"
EndProject
Global
	GlobalSection(SolutionConfigurationPlatforms) = preSolution
		Debug|Any CPU = Debug|Any CPU
		Release|Any CPU = Release|Any CPU
	EndGlobalSection
	GlobalSection(ProjectConfigurationPlatforms) = postSolution
		{1AA391A2-D341-4A92-9060-F18B401C4805}.Debug|Any CPU.ActiveCfg = Debug|Any CPU
		{1AA391A2-D341-4A92-9060-F18B401C4805}.Debug|Any CPU.Build.0 = Debug|Any CPU
		{1AA391A2-D341-4A92-9060-F18B401C4805}.Release|Any CPU.ActiveCfg = Release|Any CPU
		{1AA391A2-D341-4A92-9060-F18B401C4805}.Release|Any CPU.Build.0 = Release|Any CPU
	EndGlobalSection
	GlobalSection(SolutionProperties) = preSolution
		HideSolutionNode = FALSE
	EndGlobalSection
	GlobalSection(ExtensibilityGlobals) = postSolution
		SolutionGuid = {2EFA9C8C-5A32-4929-A652-033F69CE7098}
	EndGlobalSection
EndGlobal
