
Microsoft Visual Studio Solution File, Format Version 12.00
# Visual Studio Version 17
VisualStudioVersion = 17.1.32421.90
MinimumVisualStudioVersion = 10.0.40219.1
Project("{FAE04EC0-301F-11D3-BF4B-00C04F79EFBC}") = "ex008.cs", "ex008.cs.csproj", "{97BC62BF-DA56-4E66-8E40-2F3A681E4C7B}"
EndProject
Global
	GlobalSection(SolutionConfigurationPlatforms) = preSolution
		Debug|Any CPU = Debug|Any CPU
		Release|Any CPU = Release|Any CPU
	EndGlobalSection
	GlobalSection(ProjectConfigurationPlatforms) = postSolution
		{97BC62BF-DA56-4E66-8E40-2F3A681E4C7B}.Debug|Any CPU.ActiveCfg = Debug|Any CPU
		{97BC62BF-DA56-4E66-8E40-2F3A681E4C7B}.Debug|Any CPU.Build.0 = Debug|Any CPU
		{97BC62BF-DA56-4E66-8E40-2F3A681E4C7B}.Release|Any CPU.ActiveCfg = Release|Any CPU
		{97BC62BF-DA56-4E66-8E40-2F3A681E4C7B}.Release|Any CPU.Build.0 = Release|Any CPU
	EndGlobalSection
	GlobalSection(SolutionProperties) = preSolution
		HideSolutionNode = FALSE
	EndGlobalSection
	GlobalSection(ExtensibilityGlobals) = postSolution
		SolutionGuid = {DF4EB732-67BB-4F6F-A358-914F1B75DDB6}
	EndGlobalSection
EndGlobal
