
Microsoft Visual Studio Solution File, Format Version 12.00
# Visual Studio Version 17
VisualStudioVersion = 17.2.32505.173
MinimumVisualStudioVersion = 10.0.40219.1
Project("{9A19103F-16F7-4668-BE54-9A1E7A4F7556}") = "ex004", "ex004.csproj", "{78883937-715B-4073-A440-8D252FD97C27}"
EndProject
Global
	GlobalSection(SolutionConfigurationPlatforms) = preSolution
		Debug|Any CPU = Debug|Any CPU
		Release|Any CPU = Release|Any CPU
	EndGlobalSection
	GlobalSection(ProjectConfigurationPlatforms) = postSolution
		{78883937-715B-4073-A440-8D252FD97C27}.Debug|Any CPU.ActiveCfg = Debug|Any CPU
		{78883937-715B-4073-A440-8D252FD97C27}.Debug|Any CPU.Build.0 = Debug|Any CPU
		{78883937-715B-4073-A440-8D252FD97C27}.Release|Any CPU.ActiveCfg = Release|Any CPU
		{78883937-715B-4073-A440-8D252FD97C27}.Release|Any CPU.Build.0 = Release|Any CPU
	EndGlobalSection
	GlobalSection(SolutionProperties) = preSolution
		HideSolutionNode = FALSE
	EndGlobalSection
	GlobalSection(ExtensibilityGlobals) = postSolution
		SolutionGuid = {347E6B6A-DEBB-4AD8-B4E3-B02C30C25A00}
	EndGlobalSection
EndGlobal
