
Microsoft Visual Studio Solution File, Format Version 12.00
# Visual Studio Version 17
VisualStudioVersion = 17.2.32526.322
MinimumVisualStudioVersion = 10.0.40219.1
Project("{9A19103F-16F7-4668-BE54-9A1E7A4F7556}") = "ex005", "ex005.csproj", "{4989E348-E27E-4EC7-968B-71341FF791D4}"
EndProject
Global
	GlobalSection(SolutionConfigurationPlatforms) = preSolution
		Debug|Any CPU = Debug|Any CPU
		Release|Any CPU = Release|Any CPU
	EndGlobalSection
	GlobalSection(ProjectConfigurationPlatforms) = postSolution
		{4989E348-E27E-4EC7-968B-71341FF791D4}.Debug|Any CPU.ActiveCfg = Debug|Any CPU
		{4989E348-E27E-4EC7-968B-71341FF791D4}.Debug|Any CPU.Build.0 = Debug|Any CPU
		{4989E348-E27E-4EC7-968B-71341FF791D4}.Release|Any CPU.ActiveCfg = Release|Any CPU
		{4989E348-E27E-4EC7-968B-71341FF791D4}.Release|Any CPU.Build.0 = Release|Any CPU
	EndGlobalSection
	GlobalSection(SolutionProperties) = preSolution
		HideSolutionNode = FALSE
	EndGlobalSection
	GlobalSection(ExtensibilityGlobals) = postSolution
		SolutionGuid = {6DB65268-8AE8-4D42-93DE-BE31D93B7D5A}
	EndGlobalSection
EndGlobal
