
Microsoft Visual Studio Solution File, Format Version 12.00
# Visual Studio Version 17
VisualStudioVersion = 17.2.32526.322
MinimumVisualStudioVersion = 10.0.40219.1
Project("{9A19103F-16F7-4668-BE54-9A1E7A4F7556}") = "ex007", "ex007.csproj", "{88C010A2-65E8-401A-98B7-3A3279BAC9CD}"
EndProject
Global
	GlobalSection(SolutionConfigurationPlatforms) = preSolution
		Debug|Any CPU = Debug|Any CPU
		Release|Any CPU = Release|Any CPU
	EndGlobalSection
	GlobalSection(ProjectConfigurationPlatforms) = postSolution
		{88C010A2-65E8-401A-98B7-3A3279BAC9CD}.Debug|Any CPU.ActiveCfg = Debug|Any CPU
		{88C010A2-65E8-401A-98B7-3A3279BAC9CD}.Debug|Any CPU.Build.0 = Debug|Any CPU
		{88C010A2-65E8-401A-98B7-3A3279BAC9CD}.Release|Any CPU.ActiveCfg = Release|Any CPU
		{88C010A2-65E8-401A-98B7-3A3279BAC9CD}.Release|Any CPU.Build.0 = Release|Any CPU
	EndGlobalSection
	GlobalSection(SolutionProperties) = preSolution
		HideSolutionNode = FALSE
	EndGlobalSection
	GlobalSection(ExtensibilityGlobals) = postSolution
		SolutionGuid = {0F5D6B80-EB9A-44D5-9EBF-196CCB71A9F5}
	EndGlobalSection
EndGlobal
