
Microsoft Visual Studio Solution File, Format Version 12.00
# Visual Studio Version 17
VisualStudioVersion = 17.2.32505.173
MinimumVisualStudioVersion = 10.0.40219.1
Project("{FAE04EC0-301F-11D3-BF4B-00C04F79EFBC}") = "ex006.cs", "ex006.cs.csproj", "{C6E725DC-A74A-46B8-9443-2061697CA31C}"
EndProject
Global
	GlobalSection(SolutionConfigurationPlatforms) = preSolution
		Debug|Any CPU = Debug|Any CPU
		Release|Any CPU = Release|Any CPU
	EndGlobalSection
	GlobalSection(ProjectConfigurationPlatforms) = postSolution
		{C6E725DC-A74A-46B8-9443-2061697CA31C}.Debug|Any CPU.ActiveCfg = Debug|Any CPU
		{C6E725DC-A74A-46B8-9443-2061697CA31C}.Debug|Any CPU.Build.0 = Debug|Any CPU
		{C6E725DC-A74A-46B8-9443-2061697CA31C}.Release|Any CPU.ActiveCfg = Release|Any CPU
		{C6E725DC-A74A-46B8-9443-2061697CA31C}.Release|Any CPU.Build.0 = Release|Any CPU
	EndGlobalSection
	GlobalSection(SolutionProperties) = preSolution
		HideSolutionNode = FALSE
	EndGlobalSection
	GlobalSection(ExtensibilityGlobals) = postSolution
		SolutionGuid = {404C1052-0F26-4DE9-B421-89CBEA4999C5}
	EndGlobalSection
EndGlobal
