
Microsoft Visual Studio Solution File, Format Version 12.00
# Visual Studio Version 17
VisualStudioVersion = 17.1.32421.90
MinimumVisualStudioVersion = 10.0.40219.1
Project("{9A19103F-16F7-4668-BE54-9A1E7A4F7556}") = "ex012_06_05_2022", "ex012_06_05_2022.csproj", "{7A3E5B39-A999-4E1D-880D-94D0AC60E0B4}"
EndProject
Global
	GlobalSection(SolutionConfigurationPlatforms) = preSolution
		Debug|Any CPU = Debug|Any CPU
		Release|Any CPU = Release|Any CPU
	EndGlobalSection
	GlobalSection(ProjectConfigurationPlatforms) = postSolution
		{7A3E5B39-A999-4E1D-880D-94D0AC60E0B4}.Debug|Any CPU.ActiveCfg = Debug|Any CPU
		{7A3E5B39-A999-4E1D-880D-94D0AC60E0B4}.Debug|Any CPU.Build.0 = Debug|Any CPU
		{7A3E5B39-A999-4E1D-880D-94D0AC60E0B4}.Release|Any CPU.ActiveCfg = Release|Any CPU
		{7A3E5B39-A999-4E1D-880D-94D0AC60E0B4}.Release|Any CPU.Build.0 = Release|Any CPU
	EndGlobalSection
	GlobalSection(SolutionProperties) = preSolution
		HideSolutionNode = FALSE
	EndGlobalSection
	GlobalSection(ExtensibilityGlobals) = postSolution
		SolutionGuid = {DCB4B37F-91B0-4BC2-9DFC-C0E403E9ADE2}
	EndGlobalSection
EndGlobal
