
Microsoft Visual Studio Solution File, Format Version 12.00
# Visual Studio Version 17
VisualStudioVersion = 17.2.32526.322
MinimumVisualStudioVersion = 10.0.40219.1
Project("{FAE04EC0-301F-11D3-BF4B-00C04F79EFBC}") = "Forms_Garagem", "Forms_Garagem.csproj", "{0275B41B-3A8A-478D-8B00-7D004562879F}"
EndProject
Global
	GlobalSection(SolutionConfigurationPlatforms) = preSolution
		Debug|Any CPU = Debug|Any CPU
		Release|Any CPU = Release|Any CPU
	EndGlobalSection
	GlobalSection(ProjectConfigurationPlatforms) = postSolution
		{0275B41B-3A8A-478D-8B00-7D004562879F}.Debug|Any CPU.ActiveCfg = Debug|Any CPU
		{0275B41B-3A8A-478D-8B00-7D004562879F}.Debug|Any CPU.Build.0 = Debug|Any CPU
		{0275B41B-3A8A-478D-8B00-7D004562879F}.Release|Any CPU.ActiveCfg = Release|Any CPU
		{0275B41B-3A8A-478D-8B00-7D004562879F}.Release|Any CPU.Build.0 = Release|Any CPU
	EndGlobalSection
	GlobalSection(SolutionProperties) = preSolution
		HideSolutionNode = FALSE
	EndGlobalSection
	GlobalSection(ExtensibilityGlobals) = postSolution
		SolutionGuid = {220D57CA-5297-4F12-BEE4-041BAEFFBA79}
	EndGlobalSection
EndGlobal
