
Microsoft Visual Studio Solution File, Format Version 12.00
# Visual Studio Version 17
VisualStudioVersion = 17.2.32516.85
MinimumVisualStudioVersion = 10.0.40219.1
Project("{FAE04EC0-301F-11D3-BF4B-00C04F79EFBC}") = "ex001 Lampada_cs", "ex001 Lampada_cs.csproj", "{CC3F947E-07C4-4A61-A068-88D645886857}"
EndProject
Global
	GlobalSection(SolutionConfigurationPlatforms) = preSolution
		Debug|Any CPU = Debug|Any CPU
		Release|Any CPU = Release|Any CPU
	EndGlobalSection
	GlobalSection(ProjectConfigurationPlatforms) = postSolution
		{CC3F947E-07C4-4A61-A068-88D645886857}.Debug|Any CPU.ActiveCfg = Debug|Any CPU
		{CC3F947E-07C4-4A61-A068-88D645886857}.Debug|Any CPU.Build.0 = Debug|Any CPU
		{CC3F947E-07C4-4A61-A068-88D645886857}.Release|Any CPU.ActiveCfg = Release|Any CPU
		{CC3F947E-07C4-4A61-A068-88D645886857}.Release|Any CPU.Build.0 = Release|Any CPU
	EndGlobalSection
	GlobalSection(SolutionProperties) = preSolution
		HideSolutionNode = FALSE
	EndGlobalSection
	GlobalSection(ExtensibilityGlobals) = postSolution
		SolutionGuid = {2CB5631C-9761-42B2-8862-6C544124D189}
	EndGlobalSection
EndGlobal
