
Microsoft Visual Studio Solution File, Format Version 12.00
# Visual Studio Version 17
VisualStudioVersion = 17.1.32421.90
MinimumVisualStudioVersion = 10.0.40219.1
Project("{9A19103F-16F7-4668-BE54-9A1E7A4F7556}") = "ex007_05_05_2022", "ex007_05_05_2022.csproj", "{8FB6270E-F156-41A5-B632-1C75C1B9FA93}"
EndProject
Global
	GlobalSection(SolutionConfigurationPlatforms) = preSolution
		Debug|Any CPU = Debug|Any CPU
		Release|Any CPU = Release|Any CPU
	EndGlobalSection
	GlobalSection(ProjectConfigurationPlatforms) = postSolution
		{8FB6270E-F156-41A5-B632-1C75C1B9FA93}.Debug|Any CPU.ActiveCfg = Debug|Any CPU
		{8FB6270E-F156-41A5-B632-1C75C1B9FA93}.Debug|Any CPU.Build.0 = Debug|Any CPU
		{8FB6270E-F156-41A5-B632-1C75C1B9FA93}.Release|Any CPU.ActiveCfg = Release|Any CPU
		{8FB6270E-F156-41A5-B632-1C75C1B9FA93}.Release|Any CPU.Build.0 = Release|Any CPU
	EndGlobalSection
	GlobalSection(SolutionProperties) = preSolution
		HideSolutionNode = FALSE
	EndGlobalSection
	GlobalSection(ExtensibilityGlobals) = postSolution
		SolutionGuid = {AC9A50D7-9BE6-47A1-835D-FC8E5388A377}
	EndGlobalSection
EndGlobal
