
Microsoft Visual Studio Solution File, Format Version 12.00
# Visual Studio Version 17
VisualStudioVersion = 17.2.32526.322
MinimumVisualStudioVersion = 10.0.40219.1
Project("{FAE04EC0-301F-11D3-BF4B-00C04F79EFBC}") = "ex004 Disciplinas", "ex004 Disciplinas.csproj", "{A983D670-9083-402D-BD8E-328D83DB0AC9}"
EndProject
Global
	GlobalSection(SolutionConfigurationPlatforms) = preSolution
		Debug|Any CPU = Debug|Any CPU
		Release|Any CPU = Release|Any CPU
	EndGlobalSection
	GlobalSection(ProjectConfigurationPlatforms) = postSolution
		{A983D670-9083-402D-BD8E-328D83DB0AC9}.Debug|Any CPU.ActiveCfg = Debug|Any CPU
		{A983D670-9083-402D-BD8E-328D83DB0AC9}.Debug|Any CPU.Build.0 = Debug|Any CPU
		{A983D670-9083-402D-BD8E-328D83DB0AC9}.Release|Any CPU.ActiveCfg = Release|Any CPU
		{A983D670-9083-402D-BD8E-328D83DB0AC9}.Release|Any CPU.Build.0 = Release|Any CPU
	EndGlobalSection
	GlobalSection(SolutionProperties) = preSolution
		HideSolutionNode = FALSE
	EndGlobalSection
	GlobalSection(ExtensibilityGlobals) = postSolution
		SolutionGuid = {8DA7E5C3-A09F-4055-A256-79E7FA9FF19A}
	EndGlobalSection
EndGlobal
