
Microsoft Visual Studio Solution File, Format Version 12.00
# Visual Studio Version 17
VisualStudioVersion = 17.2.32519.379
MinimumVisualStudioVersion = 10.0.40219.1
Project("{FAE04EC0-301F-11D3-BF4B-00C04F79EFBC}") = "ex013_Cenario.cs", "ex013_Cenario.cs.csproj", "{470F618D-25F7-4F8A-B932-6C322856D957}"
EndProject
Global
	GlobalSection(SolutionConfigurationPlatforms) = preSolution
		Debug|Any CPU = Debug|Any CPU
		Release|Any CPU = Release|Any CPU
	EndGlobalSection
	GlobalSection(ProjectConfigurationPlatforms) = postSolution
		{470F618D-25F7-4F8A-B932-6C322856D957}.Debug|Any CPU.ActiveCfg = Debug|Any CPU
		{470F618D-25F7-4F8A-B932-6C322856D957}.Debug|Any CPU.Build.0 = Debug|Any CPU
		{470F618D-25F7-4F8A-B932-6C322856D957}.Release|Any CPU.ActiveCfg = Release|Any CPU
		{470F618D-25F7-4F8A-B932-6C322856D957}.Release|Any CPU.Build.0 = Release|Any CPU
	EndGlobalSection
	GlobalSection(SolutionProperties) = preSolution
		HideSolutionNode = FALSE
	EndGlobalSection
	GlobalSection(ExtensibilityGlobals) = postSolution
		SolutionGuid = {7F9F5B4C-3A1B-41CB-9EF3-3E1662CD13FB}
	EndGlobalSection
EndGlobal
