
Microsoft Visual Studio Solution File, Format Version 12.00
# Visual Studio Version 17
VisualStudioVersion = 17.1.32421.90
MinimumVisualStudioVersion = 10.0.40219.1
Project("{9A19103F-16F7-4668-BE54-9A1E7A4F7556}") = "ex011_06_05_2022", "ex011_06_05_2022.csproj", "{5356F511-8618-402C-9E46-82DC74472A50}"
EndProject
Global
	GlobalSection(SolutionConfigurationPlatforms) = preSolution
		Debug|Any CPU = Debug|Any CPU
		Release|Any CPU = Release|Any CPU
	EndGlobalSection
	GlobalSection(ProjectConfigurationPlatforms) = postSolution
		{5356F511-8618-402C-9E46-82DC74472A50}.Debug|Any CPU.ActiveCfg = Debug|Any CPU
		{5356F511-8618-402C-9E46-82DC74472A50}.Debug|Any CPU.Build.0 = Debug|Any CPU
		{5356F511-8618-402C-9E46-82DC74472A50}.Release|Any CPU.ActiveCfg = Release|Any CPU
		{5356F511-8618-402C-9E46-82DC74472A50}.Release|Any CPU.Build.0 = Release|Any CPU
	EndGlobalSection
	GlobalSection(SolutionProperties) = preSolution
		HideSolutionNode = FALSE
	EndGlobalSection
	GlobalSection(ExtensibilityGlobals) = postSolution
		SolutionGuid = {E884E730-A133-470E-BC8D-919E7097B67C}
	EndGlobalSection
EndGlobal
