
Microsoft Visual Studio Solution File, Format Version 12.00
# Visual Studio Version 17
VisualStudioVersion = 17.1.32421.90
MinimumVisualStudioVersion = 10.0.40219.1
Project("{FAE04EC0-301F-11D3-BF4B-00C04F79EFBC}") = "ex004_04_05_2022.cs", "ex004_04_05_2022.cs.csproj", "{01A67D2B-E252-47D2-9682-05B1064BC0A1}"
EndProject
Global
	GlobalSection(SolutionConfigurationPlatforms) = preSolution
		Debug|Any CPU = Debug|Any CPU
		Release|Any CPU = Release|Any CPU
	EndGlobalSection
	GlobalSection(ProjectConfigurationPlatforms) = postSolution
		{01A67D2B-E252-47D2-9682-05B1064BC0A1}.Debug|Any CPU.ActiveCfg = Debug|Any CPU
		{01A67D2B-E252-47D2-9682-05B1064BC0A1}.Debug|Any CPU.Build.0 = Debug|Any CPU
		{01A67D2B-E252-47D2-9682-05B1064BC0A1}.Release|Any CPU.ActiveCfg = Release|Any CPU
		{01A67D2B-E252-47D2-9682-05B1064BC0A1}.Release|Any CPU.Build.0 = Release|Any CPU
	EndGlobalSection
	GlobalSection(SolutionProperties) = preSolution
		HideSolutionNode = FALSE
	EndGlobalSection
	GlobalSection(ExtensibilityGlobals) = postSolution
		SolutionGuid = {0AFDD053-403C-4908-9891-1DA8EB5B2911}
	EndGlobalSection
EndGlobal
