
Microsoft Visual Studio Solution File, Format Version 12.00
# Visual Studio Version 17
VisualStudioVersion = 17.1.32421.90
MinimumVisualStudioVersion = 10.0.40219.1
Project("{FAE04EC0-301F-11D3-BF4B-00C04F79EFBC}") = "ex013.cs", "ex013.cs.csproj", "{44F2365E-C06F-4780-9A22-1E86C26E6463}"
EndProject
Global
	GlobalSection(SolutionConfigurationPlatforms) = preSolution
		Debug|Any CPU = Debug|Any CPU
		Release|Any CPU = Release|Any CPU
	EndGlobalSection
	GlobalSection(ProjectConfigurationPlatforms) = postSolution
		{44F2365E-C06F-4780-9A22-1E86C26E6463}.Debug|Any CPU.ActiveCfg = Debug|Any CPU
		{44F2365E-C06F-4780-9A22-1E86C26E6463}.Debug|Any CPU.Build.0 = Debug|Any CPU
		{44F2365E-C06F-4780-9A22-1E86C26E6463}.Release|Any CPU.ActiveCfg = Release|Any CPU
		{44F2365E-C06F-4780-9A22-1E86C26E6463}.Release|Any CPU.Build.0 = Release|Any CPU
	EndGlobalSection
	GlobalSection(SolutionProperties) = preSolution
		HideSolutionNode = FALSE
	EndGlobalSection
	GlobalSection(ExtensibilityGlobals) = postSolution
		SolutionGuid = {C92D1CEB-ACA9-4711-A10F-29024749A92F}
	EndGlobalSection
EndGlobal
